
Microsoft Visual Studio Solution File, Format Version 12.00
# Visual Studio Version 17
VisualStudioVersion = 17.3.32922.545
MinimumVisualStudioVersion = 10.0.40219.1
Project("{FAE04EC0-301F-11D3-BF4B-00C04F79EFBC}") = "2", "2\2.csproj", "{D61C1C23-D3A9-4BFC-9743-82FA684AA6E3}"
EndProject
Global
	GlobalSection(SolutionConfigurationPlatforms) = preSolution
		Debug|Any CPU = Debug|Any CPU
		Release|Any CPU = Release|Any CPU
	EndGlobalSection
	GlobalSection(ProjectConfigurationPlatforms) = postSolution
		{D61C1C23-D3A9-4BFC-9743-82FA684AA6E3}.Debug|Any CPU.ActiveCfg = Debug|Any CPU
		{D61C1C23-D3A9-4BFC-9743-82FA684AA6E3}.Debug|Any CPU.Build.0 = Debug|Any CPU
		{D61C1C23-D3A9-4BFC-9743-82FA684AA6E3}.Release|Any CPU.ActiveCfg = Release|Any CPU
		{D61C1C23-D3A9-4BFC-9743-82FA684AA6E3}.Release|Any CPU.Build.0 = Release|Any CPU
	EndGlobalSection
	GlobalSection(SolutionProperties) = preSolution
		HideSolutionNode = FALSE
	EndGlobalSection
	GlobalSection(ExtensibilityGlobals) = postSolution
		SolutionGuid = {767D7609-09C2-4945-93B3-B73BAB4A8A09}
	EndGlobalSection
EndGlobal
